// !$*UTF8*$!
{
	archiveVersion = 1;
	classes = {
	};
	objectVersion = 46;
	objects = {

/* Begin PBXBuildFile section */
		599106401BF9407300D6B58B /* BeaconnectcrKit.framework in Frameworks */ = {isa = PBXBuildFile; fileRef = 5991063F1BF9407300D6B58B /* BeaconnectcrKit.framework */; };
		59D706861BF92CD0005AD60B /* main.m in Sources */ = {isa = PBXBuildFile; fileRef = 59D706851BF92CD0005AD60B /* main.m */; };
		59D706891BF92CD0005AD60B /* AppDelegate.m in Sources */ = {isa = PBXBuildFile; fileRef = 59D706881BF92CD0005AD60B /* AppDelegate.m */; };
		59D7068C1BF92CD0005AD60B /* ViewController.m in Sources */ = {isa = PBXBuildFile; fileRef = 59D7068B1BF92CD0005AD60B /* ViewController.m */; };
		59D7068F1BF92CD0005AD60B /* Main.storyboard in Resources */ = {isa = PBXBuildFile; fileRef = 59D7068D1BF92CD0005AD60B /* Main.storyboard */; };
		59D706911BF92CD0005AD60B /* Assets.xcassets in Resources */ = {isa = PBXBuildFile; fileRef = 59D706901BF92CD0005AD60B /* Assets.xcassets */; };
		59D706941BF92CD0005AD60B /* LaunchScreen.storyboard in Resources */ = {isa = PBXBuildFile; fileRef = 59D706921BF92CD0005AD60B /* LaunchScreen.storyboard */; };
		59D7069F1BF92CD0005AD60B /* TestingFrameworkObjCTests.m in Sources */ = {isa = PBXBuildFile; fileRef = 59D7069E1BF92CD0005AD60B /* TestingFrameworkObjCTests.m */; };
		59D706AA1BF92CD0005AD60B /* TestingFrameworkObjCUITests.m in Sources */ = {isa = PBXBuildFile; fileRef = 59D706A91BF92CD0005AD60B /* TestingFrameworkObjCUITests.m */; };
/* End PBXBuildFile section */

/* Begin PBXContainerItemProxy section */
		59D7069B1BF92CD0005AD60B /* PBXContainerItemProxy */ = {
			isa = PBXContainerItemProxy;
			containerPortal = 59D706791BF92CD0005AD60B /* Project object */;
			proxyType = 1;
			remoteGlobalIDString = 59D706801BF92CD0005AD60B;
			remoteInfo = TestingFrameworkObjC;
		};
		59D706A61BF92CD0005AD60B /* PBXContainerItemProxy */ = {
			isa = PBXContainerItemProxy;
			containerPortal = 59D706791BF92CD0005AD60B /* Project object */;
			proxyType = 1;
			remoteGlobalIDString = 59D706801BF92CD0005AD60B;
			remoteInfo = TestingFrameworkObjC;
		};
/* End PBXContainerItemProxy section */

/* Begin PBXFileReference section */
		5991063F1BF9407300D6B58B /* BeaconnectcrKit.framework */ = {isa = PBXFileReference; lastKnownFileType = wrapper.framework; path = BeaconnectcrKit.framework; sourceTree = "<group>"; };
		59D706811BF92CD0005AD60B /* TestingFrameworkObjC.app */ = {isa = PBXFileReference; explicitFileType = wrapper.application; includeInIndex = 0; path = TestingFrameworkObjC.app; sourceTree = BUILT_PRODUCTS_DIR; };
		59D706851BF92CD0005AD60B /* main.m */ = {isa = PBXFileReference; lastKnownFileType = sourcecode.c.objc; path = main.m; sourceTree = "<group>"; };
		59D706871BF92CD0005AD60B /* AppDelegate.h */ = {isa = PBXFileReference; lastKnownFileType = sourcecode.c.h; path = AppDelegate.h; sourceTree = "<group>"; };
		59D706881BF92CD0005AD60B /* AppDelegate.m */ = {isa = PBXFileReference; lastKnownFileType = sourcecode.c.objc; path = AppDelegate.m; sourceTree = "<group>"; };
		59D7068A1BF92CD0005AD60B /* ViewController.h */ = {isa = PBXFileReference; lastKnownFileType = sourcecode.c.h; path = ViewController.h; sourceTree = "<group>"; };
		59D7068B1BF92CD0005AD60B /* ViewController.m */ = {isa = PBXFileReference; lastKnownFileType = sourcecode.c.objc; path = ViewController.m; sourceTree = "<group>"; };
		59D7068E1BF92CD0005AD60B /* Base */ = {isa = PBXFileReference; lastKnownFileType = file.storyboard; name = Base; path = Base.lproj/Main.storyboard; sourceTree = "<group>"; };
		59D706901BF92CD0005AD60B /* Assets.xcassets */ = {isa = PBXFileReference; lastKnownFileType = folder.assetcatalog; path = Assets.xcassets; sourceTree = "<group>"; };
		59D706931BF92CD0005AD60B /* Base */ = {isa = PBXFileReference; lastKnownFileType = file.storyboard; name = Base; path = Base.lproj/LaunchScreen.storyboard; sourceTree = "<group>"; };
		59D706951BF92CD0005AD60B /* Info.plist */ = {isa = PBXFileReference; lastKnownFileType = text.plist.xml; path = Info.plist; sourceTree = "<group>"; };
		59D7069A1BF92CD0005AD60B /* TestingFrameworkObjCTests.xctest */ = {isa = PBXFileReference; explicitFileType = wrapper.cfbundle; includeInIndex = 0; path = TestingFrameworkObjCTests.xctest; sourceTree = BUILT_PRODUCTS_DIR; };
		59D7069E1BF92CD0005AD60B /* TestingFrameworkObjCTests.m */ = {isa = PBXFileReference; lastKnownFileType = sourcecode.c.objc; path = TestingFrameworkObjCTests.m; sourceTree = "<group>"; };
		59D706A01BF92CD0005AD60B /* Info.plist */ = {isa = PBXFileReference; lastKnownFileType = text.plist.xml; path = Info.plist; sourceTree = "<group>"; };
		59D706A51BF92CD0005AD60B /* TestingFrameworkObjCUITests.xctest */ = {isa = PBXFileReference; explicitFileType = wrapper.cfbundle; includeInIndex = 0; path = TestingFrameworkObjCUITests.xctest; sourceTree = BUILT_PRODUCTS_DIR; };
		59D706A91BF92CD0005AD60B /* TestingFrameworkObjCUITests.m */ = {isa = PBXFileReference; lastKnownFileType = sourcecode.c.objc; path = TestingFrameworkObjCUITests.m; sourceTree = "<group>"; };
		59D706AB1BF92CD0005AD60B /* Info.plist */ = {isa = PBXFileReference; lastKnownFileType = text.plist.xml; path = Info.plist; sourceTree = "<group>"; };
/* End PBXFileReference section */

/* Begin PBXFrameworksBuildPhase section */
		59D7067E1BF92CD0005AD60B /* Frameworks */ = {
			isa = PBXFrameworksBuildPhase;
			buildActionMask = 2147483647;
			files = (
				599106401BF9407300D6B58B /* BeaconnectcrKit.framework in Frameworks */,
			);
			runOnlyForDeploymentPostprocessing = 0;
		};
		59D706971BF92CD0005AD60B /* Frameworks */ = {
			isa = PBXFrameworksBuildPhase;
			buildActionMask = 2147483647;
			files = (
			);
			runOnlyForDeploymentPostprocessing = 0;
		};
		59D706A21BF92CD0005AD60B /* Frameworks */ = {
			isa = PBXFrameworksBuildPhase;
			buildActionMask = 2147483647;
			files = (
			);
			runOnlyForDeploymentPostprocessing = 0;
		};
/* End PBXFrameworksBuildPhase section */

/* Begin PBXGroup section */
		59D706781BF92CD0005AD60B = {
			isa = PBXGroup;
			children = (
				59D706B71BF92CFE005AD60B /* Frameworks */,
				59D706831BF92CD0005AD60B /* TestingFrameworkObjC */,
				59D7069D1BF92CD0005AD60B /* TestingFrameworkObjCTests */,
				59D706A81BF92CD0005AD60B /* TestingFrameworkObjCUITests */,
				59D706821BF92CD0005AD60B /* Products */,
			);
			sourceTree = "<group>";
		};
		59D706821BF92CD0005AD60B /* Products */ = {
			isa = PBXGroup;
			children = (
				59D706811BF92CD0005AD60B /* TestingFrameworkObjC.app */,
				59D7069A1BF92CD0005AD60B /* TestingFrameworkObjCTests.xctest */,
				59D706A51BF92CD0005AD60B /* TestingFrameworkObjCUITests.xctest */,
			);
			name = Products;
			sourceTree = "<group>";
		};
		59D706831BF92CD0005AD60B /* TestingFrameworkObjC */ = {
			isa = PBXGroup;
			children = (
				59D706871BF92CD0005AD60B /* AppDelegate.h */,
				59D706881BF92CD0005AD60B /* AppDelegate.m */,
				59D7068A1BF92CD0005AD60B /* ViewController.h */,
				59D7068B1BF92CD0005AD60B /* ViewController.m */,
				59D7068D1BF92CD0005AD60B /* Main.storyboard */,
				59D706901BF92CD0005AD60B /* Assets.xcassets */,
				59D706921BF92CD0005AD60B /* LaunchScreen.storyboard */,
				59D706951BF92CD0005AD60B /* Info.plist */,
				59D706841BF92CD0005AD60B /* Supporting Files */,
			);
			path = TestingFrameworkObjC;
			sourceTree = "<group>";
		};
		59D706841BF92CD0005AD60B /* Supporting Files */ = {
			isa = PBXGroup;
			children = (
				59D706851BF92CD0005AD60B /* main.m */,
			);
			name = "Supporting Files";
			sourceTree = "<group>";
		};
		59D7069D1BF92CD0005AD60B /* TestingFrameworkObjCTests */ = {
			isa = PBXGroup;
			children = (
				59D7069E1BF92CD0005AD60B /* TestingFrameworkObjCTests.m */,
				59D706A01BF92CD0005AD60B /* Info.plist */,
			);
			path = TestingFrameworkObjCTests;
			sourceTree = "<group>";
		};
		59D706A81BF92CD0005AD60B /* TestingFrameworkObjCUITests */ = {
			isa = PBXGroup;
			children = (
				59D706A91BF92CD0005AD60B /* TestingFrameworkObjCUITests.m */,
				59D706AB1BF92CD0005AD60B /* Info.plist */,
			);
			path = TestingFrameworkObjCUITests;
			sourceTree = "<group>";
		};
		59D706B71BF92CFE005AD60B /* Frameworks */ = {
			isa = PBXGroup;
			children = (
				5991063F1BF9407300D6B58B /* BeaconnectcrKit.framework */,
			);
			name = Frameworks;
			sourceTree = "<group>";
		};
/* End PBXGroup section */

/* Begin PBXNativeTarget section */
		59D706801BF92CD0005AD60B /* TestingFrameworkObjC */ = {
			isa = PBXNativeTarget;
			buildConfigurationList = 59D706AE1BF92CD0005AD60B /* Build configuration list for PBXNativeTarget "TestingFrameworkObjC" */;
			buildPhases = (
				59D7067D1BF92CD0005AD60B /* Sources */,
				59D7067E1BF92CD0005AD60B /* Frameworks */,
				59D7067F1BF92CD0005AD60B /* Resources */,
			);
			buildRules = (
			);
			dependencies = (
			);
			name = TestingFrameworkObjC;
			productName = TestingFrameworkObjC;
			productReference = 59D706811BF92CD0005AD60B /* TestingFrameworkObjC.app */;
			productType = "com.apple.product-type.application";
		};
		59D706991BF92CD0005AD60B /* TestingFrameworkObjCTests */ = {
			isa = PBXNativeTarget;
			buildConfigurationList = 59D706B11BF92CD0005AD60B /* Build configuration list for PBXNativeTarget "TestingFrameworkObjCTests" */;
			buildPhases = (
				59D706961BF92CD0005AD60B /* Sources */,
				59D706971BF92CD0005AD60B /* Frameworks */,
				59D706981BF92CD0005AD60B /* Resources */,
			);
			buildRules = (
			);
			dependencies = (
				59D7069C1BF92CD0005AD60B /* PBXTargetDependency */,
			);
			name = TestingFrameworkObjCTests;
			productName = TestingFrameworkObjCTests;
			productReference = 59D7069A1BF92CD0005AD60B /* TestingFrameworkObjCTests.xctest */;
			productType = "com.apple.product-type.bundle.unit-test";
		};
		59D706A41BF92CD0005AD60B /* TestingFrameworkObjCUITests */ = {
			isa = PBXNativeTarget;
			buildConfigurationList = 59D706B41BF92CD0005AD60B /* Build configuration list for PBXNativeTarget "TestingFrameworkObjCUITests" */;
			buildPhases = (
				59D706A11BF92CD0005AD60B /* Sources */,
				59D706A21BF92CD0005AD60B /* Frameworks */,
				59D706A31BF92CD0005AD60B /* Resources */,
			);
			buildRules = (
			);
			dependencies = (
				59D706A71BF92CD0005AD60B /* PBXTargetDependency */,
			);
			name = TestingFrameworkObjCUITests;
			productName = TestingFrameworkObjCUITests;
			productReference = 59D706A51BF92CD0005AD60B /* TestingFrameworkObjCUITests.xctest */;
			productType = "com.apple.product-type.bundle.ui-testing";
		};
/* End PBXNativeTarget section */

/* Begin PBXProject section */
		59D706791BF92CD0005AD60B /* Project object */ = {
			isa = PBXProject;
			attributes = {
				LastUpgradeCheck = 0710;
				ORGANIZATIONNAME = movilmultimedia;
				TargetAttributes = {
					59D706801BF92CD0005AD60B = {
						CreatedOnToolsVersion = 7.1;
					};
					59D706991BF92CD0005AD60B = {
						CreatedOnToolsVersion = 7.1;
						TestTargetID = 59D706801BF92CD0005AD60B;
					};
					59D706A41BF92CD0005AD60B = {
						CreatedOnToolsVersion = 7.1;
						TestTargetID = 59D706801BF92CD0005AD60B;
					};
				};
			};
			buildConfigurationList = 59D7067C1BF92CD0005AD60B /* Build configuration list for PBXProject "TestingFrameworkObjC" */;
			compatibilityVersion = "Xcode 3.2";
			developmentRegion = English;
			hasScannedForEncodings = 0;
			knownRegions = (
				en,
				Base,
			);
			mainGroup = 59D706781BF92CD0005AD60B;
			productRefGroup = 59D706821BF92CD0005AD60B /* Products */;
			projectDirPath = "";
			projectRoot = "";
			targets = (
				59D706801BF92CD0005AD60B /* TestingFrameworkObjC */,
				59D706991BF92CD0005AD60B /* TestingFrameworkObjCTests */,
				59D706A41BF92CD0005AD60B /* TestingFrameworkObjCUITests */,
			);
		};
/* End PBXProject section */

/* Begin PBXResourcesBuildPhase section */
		59D7067F1BF92CD0005AD60B /* Resources */ = {
			isa = PBXResourcesBuildPhase;
			buildActionMask = 2147483647;
			files = (
				59D706941BF92CD0005AD60B /* LaunchScreen.storyboard in Resources */,
				59D706911BF92CD0005AD60B /* Assets.xcassets in Resources */,
				59D7068F1BF92CD0005AD60B /* Main.storyboard in Resources */,
			);
			runOnlyForDeploymentPostprocessing = 0;
		};
		59D706981BF92CD0005AD60B /* Resources */ = {
			isa = PBXResourcesBuildPhase;
			buildActionMask = 2147483647;
			files = (
			);
			runOnlyForDeploymentPostprocessing = 0;
		};
		59D706A31BF92CD0005AD60B /* Resources */ = {
			isa = PBXResourcesBuildPhase;
			buildActionMask = 2147483647;
			files = (
			);
			runOnlyForDeploymentPostprocessing = 0;
		};
/* End PBXResourcesBuildPhase section */

/* Begin PBXSourcesBuildPhase section */
		59D7067D1BF92CD0005AD60B /* Sources */ = {
			isa = PBXSourcesBuildPhase;
			buildActionMask = 2147483647;
			files = (
				59D7068C1BF92CD0005AD60B /* ViewController.m in Sources */,
				59D706891BF92CD0005AD60B /* AppDelegate.m in Sources */,
				59D706861BF92CD0005AD60B /* main.m in Sources */,
			);
			runOnlyForDeploymentPostprocessing = 0;
		};
		59D706961BF92CD0005AD60B /* Sources */ = {
			isa = PBXSourcesBuildPhase;
			buildActionMask = 2147483647;
			files = (
				59D7069F1BF92CD0005AD60B /* TestingFrameworkObjCTests.m in Sources */,
			);
			runOnlyForDeploymentPostprocessing = 0;
		};
		59D706A11BF92CD0005AD60B /* Sources */ = {
			isa = PBXSourcesBuildPhase;
			buildActionMask = 2147483647;
			files = (
				59D706AA1BF92CD0005AD60B /* TestingFrameworkObjCUITests.m in Sources */,
			);
			runOnlyForDeploymentPostprocessing = 0;
		};
/* End PBXSourcesBuildPhase section */

/* Begin PBXTargetDependency section */
		59D7069C1BF92CD0005AD60B /* PBXTargetDependency */ = {
			isa = PBXTargetDependency;
			target = 59D706801BF92CD0005AD60B /* TestingFrameworkObjC */;
			targetProxy = 59D7069B1BF92CD0005AD60B /* PBXContainerItemProxy */;
		};
		59D706A71BF92CD0005AD60B /* PBXTargetDependency */ = {
			isa = PBXTargetDependency;
			target = 59D706801BF92CD0005AD60B /* TestingFrameworkObjC */;
			targetProxy = 59D706A61BF92CD0005AD60B /* PBXContainerItemProxy */;
		};
/* End PBXTargetDependency section */

/* Begin PBXVariantGroup section */
		59D7068D1BF92CD0005AD60B /* Main.storyboard */ = {
			isa = PBXVariantGroup;
			children = (
				59D7068E1BF92CD0005AD60B /* Base */,
			);
			name = Main.storyboard;
			sourceTree = "<group>";
		};
		59D706921BF92CD0005AD60B /* LaunchScreen.storyboard */ = {
			isa = PBXVariantGroup;
			children = (
				59D706931BF92CD0005AD60B /* Base */,
			);
			name = LaunchScreen.storyboard;
			sourceTree = "<group>";
		};
/* End PBXVariantGroup section */

/* Begin XCBuildConfiguration section */
		59D706AC1BF92CD0005AD60B /* Debug */ = {
			isa = XCBuildConfiguration;
			buildSettings = {
				ALWAYS_SEARCH_USER_PATHS = NO;
				CLANG_CXX_LANGUAGE_STANDARD = "gnu++0x";
				CLANG_CXX_LIBRARY = "libc++";
				CLANG_ENABLE_MODULES = YES;
				CLANG_ENABLE_OBJC_ARC = YES;
				CLANG_WARN_BOOL_CONVERSION = YES;
				CLANG_WARN_CONSTANT_CONVERSION = YES;
				CLANG_WARN_DIRECT_OBJC_ISA_USAGE = YES_ERROR;
				CLANG_WARN_EMPTY_BODY = YES;
				CLANG_WARN_ENUM_CONVERSION = YES;
				CLANG_WARN_INT_CONVERSION = YES;
				CLANG_WARN_OBJC_ROOT_CLASS = YES_ERROR;
				CLANG_WARN_UNREACHABLE_CODE = YES;
				CLANG_WARN__DUPLICATE_METHOD_MATCH = YES;
				"CODE_SIGN_IDENTITY[sdk=iphoneos*]" = "iPhone Developer";
				COPY_PHASE_STRIP = NO;
				DEBUG_INFORMATION_FORMAT = dwarf;
				ENABLE_STRICT_OBJC_MSGSEND = YES;
				ENABLE_TESTABILITY = YES;
				GCC_C_LANGUAGE_STANDARD = gnu99;
				GCC_DYNAMIC_NO_PIC = NO;
				GCC_NO_COMMON_BLOCKS = YES;
				GCC_OPTIMIZATION_LEVEL = 0;
				GCC_PREPROCESSOR_DEFINITIONS = (
					"DEBUG=1",
					"$(inherited)",
				);
				GCC_WARN_64_TO_32_BIT_CONVERSION = YES;
				GCC_WARN_ABOUT_RETURN_TYPE = YES_ERROR;
				GCC_WARN_UNDECLARED_SELECTOR = YES;
				GCC_WARN_UNINITIALIZED_AUTOS = YES_AGGRESSIVE;
				GCC_WARN_UNUSED_FUNCTION = YES;
				GCC_WARN_UNUSED_VARIABLE = YES;
				IPHONEOS_DEPLOYMENT_TARGET = 9.1;
				MTL_ENABLE_DEBUG_INFO = YES;
				ONLY_ACTIVE_ARCH = YES;
				SDKROOT = iphoneos;
			};
			name = Debug;
		};
		59D706AD1BF92CD0005AD60B /* Release */ = {
			isa = XCBuildConfiguration;
			buildSettings = {
				ALWAYS_SEARCH_USER_PATHS = NO;
				CLANG_CXX_LANGUAGE_STANDARD = "gnu++0x";
				CLANG_CXX_LIBRARY = "libc++";
				CLANG_ENABLE_MODULES = YES;
				CLANG_ENABLE_OBJC_ARC = YES;
				CLANG_WARN_BOOL_CONVERSION = YES;
				CLANG_WARN_CONSTANT_CONVERSION = YES;
				CLANG_WARN_DIRECT_OBJC_ISA_USAGE = YES_ERROR;
				CLANG_WARN_EMPTY_BODY = YES;
				CLANG_WARN_ENUM_CONVERSION = YES;
				CLANG_WARN_INT_CONVERSION = YES;
				CLANG_WARN_OBJC_ROOT_CLASS = YES_ERROR;
				CLANG_WARN_UNREACHABLE_CODE = YES;
				CLANG_WARN__DUPLICATE_METHOD_MATCH = YES;
				"CODE_SIGN_IDENTITY[sdk=iphoneos*]" = "iPhone Developer";
				COPY_PHASE_STRIP = NO;
				DEBUG_INFORMATION_FORMAT = "dwarf-with-dsym";
				ENABLE_NS_ASSERTIONS = NO;
				ENABLE_STRICT_OBJC_MSGSEND = YES;
				GCC_C_LANGUAGE_STANDARD = gnu99;
				GCC_NO_COMMON_BLOCKS = YES;
				GCC_WARN_64_TO_32_BIT_CONVERSION = YES;
				GCC_WARN_ABOUT_RETURN_TYPE = YES_ERROR;
				GCC_WARN_UNDECLARED_SELECTOR = YES;
				GCC_WARN_UNINITIALIZED_AUTOS = YES_AGGRESSIVE;
				GCC_WARN_UNUSED_FUNCTION = YES;
				GCC_WARN_UNUSED_VARIABLE = YES;
				IPHONEOS_DEPLOYMENT_TARGET = 9.1;
				MTL_ENABLE_DEBUG_INFO = NO;
				SDKROOT = iphoneos;
				VALIDATE_PRODUCT = YES;
			};
			name = Release;
		};
		59D706AF1BF92CD0005AD60B /* Debug */ = {
			isa = XCBuildConfiguration;
			buildSettings = {
				ASSETCATALOG_COMPILER_APPICON_NAME = AppIcon;
				FRAMEWORK_SEARCH_PATHS = (
					"$(inherited)",
					"$(PROJECT_DIR)",
				);
				INFOPLIST_FILE = TestingFrameworkObjC/Info.plist;
				LD_RUNPATH_SEARCH_PATHS = "$(inherited) @executable_path/Frameworks";
				PRODUCT_BUNDLE_IDENTIFIER = com.movilmultimedia.beaconnectcrkit.TestingFrameworkObjC;
				PRODUCT_NAME = "$(TARGET_NAME)";
			};
			name = Debug;
		};
		59D706B01BF92CD0005AD60B /* Release */ = {
			isa = XCBuildConfiguration;
			buildSettings = {
				ASSETCATALOG_COMPILER_APPICON_NAME = AppIcon;
				FRAMEWORK_SEARCH_PATHS = (
					"$(inherited)",
					"$(PROJECT_DIR)",
				);
				INFOPLIST_FILE = TestingFrameworkObjC/Info.plist;
				LD_RUNPATH_SEARCH_PATHS = "$(inherited) @executable_path/Frameworks";
				PRODUCT_BUNDLE_IDENTIFIER = com.movilmultimedia.beaconnectcrkit.TestingFrameworkObjC;
				PRODUCT_NAME = "$(TARGET_NAME)";
			};
			name = Release;
		};
		59D706B21BF92CD0005AD60B /* Debug */ = {
			isa = XCBuildConfiguration;
			buildSettings = {
				BUNDLE_LOADER = "$(TEST_HOST)";
				INFOPLIST_FILE = TestingFrameworkObjCTests/Info.plist;
				LD_RUNPATH_SEARCH_PATHS = "$(inherited) @executable_path/Frameworks @loader_path/Frameworks";
				PRODUCT_BUNDLE_IDENTIFIER = com.movilmultimedia.beaconnectcrkit.TestingFrameworkObjCTests;
				PRODUCT_NAME = "$(TARGET_NAME)";
				TEST_HOST = "$(BUILT_PRODUCTS_DIR)/TestingFrameworkObjC.app/TestingFrameworkObjC";
			};
			name = Debug;
		};
		59D706B31BF92CD0005AD60B /* Release */ = {
			isa = XCBuildConfiguration;
			buildSettings = {
				BUNDLE_LOADER = "$(TEST_HOST)";
				INFOPLIST_FILE = TestingFrameworkObjCTests/Info.plist;
				LD_RUNPATH_SEARCH_PATHS = "$(inherited) @executable_path/Frameworks @loader_path/Frameworks";
				PRODUCT_BUNDLE_IDENTIFIER = com.movilmultimedia.beaconnectcrkit.TestingFrameworkObjCTests;
				PRODUCT_NAME = "$(TARGET_NAME)";
				TEST_HOST = "$(BUILT_PRODUCTS_DIR)/TestingFrameworkObjC.app/TestingFrameworkObjC";
			};
			name = Release;
		};
		59D706B51BF92CD0005AD60B /* Debug */ = {
			isa = XCBuildConfiguration;
			buildSettings = {
				INFOPLIST_FILE = TestingFrameworkObjCUITests/Info.plist;
				LD_RUNPATH_SEARCH_PATHS = "$(inherited) @executable_path/Frameworks @loader_path/Frameworks";
				PRODUCT_BUNDLE_IDENTIFIER = com.movilmultimedia.beaconnectcrkit.TestingFrameworkObjCUITests;
				PRODUCT_NAME = "$(TARGET_NAME)";
				TEST_TARGET_NAME = TestingFrameworkObjC;
				USES_XCTRUNNER = YES;
			};
			name = Debug;
		};
		59D706B61BF92CD0005AD60B /* Release */ = {
			isa = XCBuildConfiguration;
			buildSettings = {
				INFOPLIST_FILE = TestingFrameworkObjCUITests/Info.plist;
				LD_RUNPATH_SEARCH_PATHS = "$(inherited) @executable_path/Frameworks @loader_path/Frameworks";
				PRODUCT_BUNDLE_IDENTIFIER = com.movilmultimedia.beaconnectcrkit.TestingFrameworkObjCUITests;
				PRODUCT_NAME = "$(TARGET_NAME)";
				TEST_TARGET_NAME = TestingFrameworkObjC;
				USES_XCTRUNNER = YES;
			};
			name = Release;
		};
/* End XCBuildConfiguration section */

/* Begin XCConfigurationList section */
		59D7067C1BF92CD0005AD60B /* Build configuration list for PBXProject "TestingFrameworkObjC" */ = {
			isa = XCConfigurationList;
			buildConfigurations = (
				59D706AC1BF92CD0005AD60B /* Debug */,
				59D706AD1BF92CD0005AD60B /* Release */,
			);
			defaultConfigurationIsVisible = 0;
			defaultConfigurationName = Release;
		};
		59D706AE1BF92CD0005AD60B /* Build configuration list for PBXNativeTarget "TestingFrameworkObjC" */ = {
			isa = XCConfigurationList;
			buildConfigurations = (
				59D706AF1BF92CD0005AD60B /* Debug */,
				59D706B01BF92CD0005AD60B /* Release */,
			);
			defaultConfigurationIsVisible = 0;
			defaultConfigurationName = Release;
		};
		59D706B11BF92CD0005AD60B /* Build configuration list for PBXNativeTarget "TestingFrameworkObjCTests" */ = {
			isa = XCConfigurationList;
			buildConfigurations = (
				59D706B21BF92CD0005AD60B /* Debug */,
				59D706B31BF92CD0005AD60B /* Release */,
			);
			defaultConfigurationIsVisible = 0;
			defaultConfigurationName = Release;
		};
		59D706B41BF92CD0005AD60B /* Build configuration list for PBXNativeTarget "TestingFrameworkObjCUITests" */ = {
			isa = XCConfigurationList;
			buildConfigurations = (
				59D706B51BF92CD0005AD60B /* Debug */,
				59D706B61BF92CD0005AD60B /* Release */,
			);
			defaultConfigurationIsVisible = 0;
			defaultConfigurationName = Release;
		};
/* End XCConfigurationList section */
	};
	rootObject = 59D706791BF92CD0005AD60B /* Project object */;
}
